
Microsoft Visual Studio Solution File, Format Version 12.00
# Visual Studio Version 17
VisualStudioVersion = 17.6.33829.357
MinimumVisualStudioVersion = 10.0.40219.1
Project("{FAE04EC0-301F-11D3-BF4B-00C04F79EFBC}") = "Generics", "Generics\Generics.csproj", "{48C7AC0D-BF55-4562-9CE9-F4369AA6911A}"
EndProject
Global
	GlobalSection(SolutionConfigurationPlatforms) = preSolution
		Debug|Any CPU = Debug|Any CPU
		Release|Any CPU = Release|Any CPU
	EndGlobalSection
	GlobalSection(ProjectConfigurationPlatforms) = postSolution
		{48C7AC0D-BF55-4562-9CE9-F4369AA6911A}.Debug|Any CPU.ActiveCfg = Debug|Any CPU
		{48C7AC0D-BF55-4562-9CE9-F4369AA6911A}.Debug|Any CPU.Build.0 = Debug|Any CPU
		{48C7AC0D-BF55-4562-9CE9-F4369AA6911A}.Release|Any CPU.ActiveCfg = Release|Any CPU
		{48C7AC0D-BF55-4562-9CE9-F4369AA6911A}.Release|Any CPU.Build.0 = Release|Any CPU
	EndGlobalSection
	GlobalSection(SolutionProperties) = preSolution
		HideSolutionNode = FALSE
	EndGlobalSection
	GlobalSection(ExtensibilityGlobals) = postSolution
		SolutionGuid = {A2A299B6-81FC-4E48-B60C-F1859AE3B9B5}
	EndGlobalSection
EndGlobal
